// !$*UTF8*$!
{
	archiveVersion = 1;
	classes = {
	};
	objectVersion = 46;
	objects = {

/* Begin PBXBuildFile section */
		487A7B031D5A8863000FFF63 /* AppDelegate.swift in Sources */ = {isa = PBXBuildFile; fileRef = 487A7B021D5A8863000FFF63 /* AppDelegate.swift */; };
		487A7B051D5A8863000FFF63 /* ViewController.swift in Sources */ = {isa = PBXBuildFile; fileRef = 487A7B041D5A8863000FFF63 /* ViewController.swift */; };
		487A7B081D5A8864000FFF63 /* Main.storyboard in Resources */ = {isa = PBXBuildFile; fileRef = 487A7B061D5A8864000FFF63 /* Main.storyboard */; };
		487A7B0A1D5A8864000FFF63 /* Assets.xcassets in Resources */ = {isa = PBXBuildFile; fileRef = 487A7B091D5A8864000FFF63 /* Assets.xcassets */; };
		487A7B0D1D5A8864000FFF63 /* LaunchScreen.storyboard in Resources */ = {isa = PBXBuildFile; fileRef = 487A7B0B1D5A8864000FFF63 /* LaunchScreen.storyboard */; };
		487A7B181D5A8864000FFF63 /* dollarbillconverterTests.swift in Sources */ = {isa = PBXBuildFile; fileRef = 487A7B171D5A8864000FFF63 /* dollarbillconverterTests.swift */; };
/* End PBXBuildFile section */

/* Begin PBXContainerItemProxy section */
		487A7B141D5A8864000FFF63 /* PBXContainerItemProxy */ = {
			isa = PBXContainerItemProxy;
			containerPortal = 487A7AF71D5A8863000FFF63 /* Project object */;
			proxyType = 1;
			remoteGlobalIDString = 487A7AFE1D5A8863000FFF63;
			remoteInfo = dollarbillconverter;
		};
/* End PBXContainerItemProxy section */

/* Begin PBXFileReference section */
		487A7AFF1D5A8863000FFF63 /* dollarbillconverter.app */ = {isa = PBXFileReference; explicitFileType = wrapper.application; includeInIndex = 0; path = dollarbillconverter.app; sourceTree = BUILT_PRODUCTS_DIR; };
		487A7B021D5A8863000FFF63 /* AppDelegate.swift */ = {isa = PBXFileReference; lastKnownFileType = sourcecode.swift; path = AppDelegate.swift; sourceTree = "<group>"; };
		487A7B041D5A8863000FFF63 /* ViewController.swift */ = {isa = PBXFileReference; lastKnownFileType = sourcecode.swift; path = ViewController.swift; sourceTree = "<group>"; };
		487A7B071D5A8864000FFF63 /* Base */ = {isa = PBXFileReference; lastKnownFileType = file.storyboard; name = Base; path = Base.lproj/Main.storyboard; sourceTree = "<group>"; };
		487A7B091D5A8864000FFF63 /* Assets.xcassets */ = {isa = PBXFileReference; lastKnownFileType = folder.assetcatalog; path = Assets.xcassets; sourceTree = "<group>"; };
		487A7B0C1D5A8864000FFF63 /* Base */ = {isa = PBXFileReference; lastKnownFileType = file.storyboard; name = Base; path = Base.lproj/LaunchScreen.storyboard; sourceTree = "<group>"; };
		487A7B0E1D5A8864000FFF63 /* Info.plist */ = {isa = PBXFileReference; lastKnownFileType = text.plist.xml; path = Info.plist; sourceTree = "<group>"; };
		487A7B131D5A8864000FFF63 /* dollarbillconverterTests.xctest */ = {isa = PBXFileReference; explicitFileType = wrapper.cfbundle; includeInIndex = 0; path = dollarbillconverterTests.xctest; sourceTree = BUILT_PRODUCTS_DIR; };
		487A7B171D5A8864000FFF63 /* dollarbillconverterTests.swift */ = {isa = PBXFileReference; lastKnownFileType = sourcecode.swift; path = dollarbillconverterTests.swift; sourceTree = "<group>"; };
		487A7B191D5A8864000FFF63 /* Info.plist */ = {isa = PBXFileReference; lastKnownFileType = text.plist.xml; path = Info.plist; sourceTree = "<group>"; };
/* End PBXFileReference section */

/* Begin PBXFrameworksBuildPhase section */
		487A7AFC1D5A8863000FFF63 /* Frameworks */ = {
			isa = PBXFrameworksBuildPhase;
			buildActionMask = 2147483647;
			files = (
			);
			runOnlyForDeploymentPostprocessing = 0;
		};
		487A7B101D5A8864000FFF63 /* Frameworks */ = {
			isa = PBXFrameworksBuildPhase;
			buildActionMask = 2147483647;
			files = (
			);
			runOnlyForDeploymentPostprocessing = 0;
		};
/* End PBXFrameworksBuildPhase section */

/* Begin PBXGroup section */
		487A7AF61D5A8863000FFF63 = {
			isa = PBXGroup;
			children = (
				487A7B011D5A8863000FFF63 /* dollarbillconverter */,
				487A7B161D5A8864000FFF63 /* dollarbillconverterTests */,
				487A7B001D5A8863000FFF63 /* Products */,
			);
			sourceTree = "<group>";
		};
		487A7B001D5A8863000FFF63 /* Products */ = {
			isa = PBXGroup;
			children = (
				487A7AFF1D5A8863000FFF63 /* dollarbillconverter.app */,
				487A7B131D5A8864000FFF63 /* dollarbillconverterTests.xctest */,
			);
			name = Products;
			sourceTree = "<group>";
		};
		487A7B011D5A8863000FFF63 /* dollarbillconverter */ = {
			isa = PBXGroup;
			children = (
				487A7B021D5A8863000FFF63 /* AppDelegate.swift */,
				487A7B041D5A8863000FFF63 /* ViewController.swift */,
				487A7B061D5A8864000FFF63 /* Main.storyboard */,
				487A7B091D5A8864000FFF63 /* Assets.xcassets */,
				487A7B0B1D5A8864000FFF63 /* LaunchScreen.storyboard */,
				487A7B0E1D5A8864000FFF63 /* Info.plist */,
			);
			path = dollarbillconverter;
			sourceTree = "<group>";
		};
		487A7B161D5A8864000FFF63 /* dollarbillconverterTests */ = {
			isa = PBXGroup;
			children = (
				487A7B171D5A8864000FFF63 /* dollarbillconverterTests.swift */,
				487A7B191D5A8864000FFF63 /* Info.plist */,
			);
			path = dollarbillconverterTests;
			sourceTree = "<group>";
		};
/* End PBXGroup section */

/* Begin PBXNativeTarget section */
		487A7AFE1D5A8863000FFF63 /* dollarbillconverter */ = {
			isa = PBXNativeTarget;
			buildConfigurationList = 487A7B1C1D5A8864000FFF63 /* Build configuration list for PBXNativeTarget "dollarbillconverter" */;
			buildPhases = (
				487A7AFB1D5A8863000FFF63 /* Sources */,
				487A7AFC1D5A8863000FFF63 /* Frameworks */,
				487A7AFD1D5A8863000FFF63 /* Resources */,
			);
			buildRules = (
			);
			dependencies = (
			);
			name = dollarbillconverter;
			productName = dollarbillconverter;
			productReference = 487A7AFF1D5A8863000FFF63 /* dollarbillconverter.app */;
			productType = "com.apple.product-type.application";
		};
		487A7B121D5A8864000FFF63 /* dollarbillconverterTests */ = {
			isa = PBXNativeTarget;
			buildConfigurationList = 487A7B1F1D5A8864000FFF63 /* Build configuration list for PBXNativeTarget "dollarbillconverterTests" */;
			buildPhases = (
				487A7B0F1D5A8864000FFF63 /* Sources */,
				487A7B101D5A8864000FFF63 /* Frameworks */,
				487A7B111D5A8864000FFF63 /* Resources */,
			);
			buildRules = (
			);
			dependencies = (
				487A7B151D5A8864000FFF63 /* PBXTargetDependency */,
			);
			name = dollarbillconverterTests;
			productName = dollarbillconverterTests;
			productReference = 487A7B131D5A8864000FFF63 /* dollarbillconverterTests.xctest */;
			productType = "com.apple.product-type.bundle.unit-test";
		};
/* End PBXNativeTarget section */

/* Begin PBXProject section */
		487A7AF71D5A8863000FFF63 /* Project object */ = {
			isa = PBXProject;
			attributes = {
				LastSwiftUpdateCheck = 0730;
				LastUpgradeCheck = 0730;
				ORGANIZATIONNAME = "Diego Castaño";
				TargetAttributes = {
					487A7AFE1D5A8863000FFF63 = {
						CreatedOnToolsVersion = 7.3.1;
					};
					487A7B121D5A8864000FFF63 = {
						CreatedOnToolsVersion = 7.3.1;
						TestTargetID = 487A7AFE1D5A8863000FFF63;
					};
				};
			};
			buildConfigurationList = 487A7AFA1D5A8863000FFF63 /* Build configuration list for PBXProject "dollarbillconverter" */;
			compatibilityVersion = "Xcode 3.2";
			developmentRegion = English;
			hasScannedForEncodings = 0;
			knownRegions = (
				en,
				Base,
			);
			mainGroup = 487A7AF61D5A8863000FFF63;
			productRefGroup = 487A7B001D5A8863000FFF63 /* Products */;
			projectDirPath = "";
			projectRoot = "";
			targets = (
				487A7AFE1D5A8863000FFF63 /* dollarbillconverter */,
				487A7B121D5A8864000FFF63 /* dollarbillconverterTests */,
			);
		};
/* End PBXProject section */

/* Begin PBXResourcesBuildPhase section */
		487A7AFD1D5A8863000FFF63 /* Resources */ = {
			isa = PBXResourcesBuildPhase;
			buildActionMask = 2147483647;
			files = (
				487A7B0D1D5A8864000FFF63 /* LaunchScreen.storyboard in Resources */,
				487A7B0A1D5A8864000FFF63 /* Assets.xcassets in Resources */,
				487A7B081D5A8864000FFF63 /* Main.storyboard in Resources */,
			);
			runOnlyForDeploymentPostprocessing = 0;
		};
		487A7B111D5A8864000FFF63 /* Resources */ = {
			isa = PBXResourcesBuildPhase;
			buildActionMask = 2147483647;
			files = (
			);
			runOnlyForDeploymentPostprocessing = 0;
		};
/* End PBXResourcesBuildPhase section */

/* Begin PBXSourcesBuildPhase section */
		487A7AFB1D5A8863000FFF63 /* Sources */ = {
			isa = PBXSourcesBuildPhase;
			buildActionMask = 2147483647;
			files = (
				487A7B051D5A8863000FFF63 /* ViewController.swift in Sources */,
				487A7B031D5A8863000FFF63 /* AppDelegate.swift in Sources */,
			);
			runOnlyForDeploymentPostprocessing = 0;
		};
		487A7B0F1D5A8864000FFF63 /* Sources */ = {
			isa = PBXSourcesBuildPhase;
			buildActionMask = 2147483647;
			files = (
				487A7B181D5A8864000FFF63 /* dollarbillconverterTests.swift in Sources */,
			);
			runOnlyForDeploymentPostprocessing = 0;
		};
/* End PBXSourcesBuildPhase section */

/* Begin PBXTargetDependency section */
		487A7B151D5A8864000FFF63 /* PBXTargetDependency */ = {
			isa = PBXTargetDependency;
			target = 487A7AFE1D5A8863000FFF63 /* dollarbillconverter */;
			targetProxy = 487A7B141D5A8864000FFF63 /* PBXContainerItemProxy */;
		};
/* End PBXTargetDependency section */

/* Begin PBXVariantGroup section */
		487A7B061D5A8864000FFF63 /* Main.storyboard */ = {
			isa = PBXVariantGroup;
			children = (
				487A7B071D5A8864000FFF63 /* Base */,
			);
			name = Main.storyboard;
			sourceTree = "<group>";
		};
		487A7B0B1D5A8864000FFF63 /* LaunchScreen.storyboard */ = {
			isa = PBXVariantGroup;
			children = (
				487A7B0C1D5A8864000FFF63 /* Base */,
			);
			name = LaunchScreen.storyboard;
			sourceTree = "<group>";
		};
/* End PBXVariantGroup section */

/* Begin XCBuildConfiguration section */
		487A7B1A1D5A8864000FFF63 /* Debug */ = {
			isa = XCBuildConfiguration;
			buildSettings = {
				ALWAYS_SEARCH_USER_PATHS = NO;
				CLANG_ANALYZER_NONNULL = YES;
				CLANG_CXX_LANGUAGE_STANDARD = "gnu++0x";
				CLANG_CXX_LIBRARY = "libc++";
				CLANG_ENABLE_MODULES = YES;
				CLANG_ENABLE_OBJC_ARC = YES;
				CLANG_WARN_BOOL_CONVERSION = YES;
				CLANG_WARN_CONSTANT_CONVERSION = YES;
				CLANG_WARN_DIRECT_OBJC_ISA_USAGE = YES_ERROR;
				CLANG_WARN_EMPTY_BODY = YES;
				CLANG_WARN_ENUM_CONVERSION = YES;
				CLANG_WARN_INT_CONVERSION = YES;
				CLANG_WARN_OBJC_ROOT_CLASS = YES_ERROR;
				CLANG_WARN_UNREACHABLE_CODE = YES;
				CLANG_WARN__DUPLICATE_METHOD_MATCH = YES;
				"CODE_SIGN_IDENTITY[sdk=iphoneos*]" = "iPhone Developer";
				COPY_PHASE_STRIP = NO;
				DEBUG_INFORMATION_FORMAT = dwarf;
				ENABLE_STRICT_OBJC_MSGSEND = YES;
				ENABLE_TESTABILITY = YES;
				GCC_C_LANGUAGE_STANDARD = gnu99;
				GCC_DYNAMIC_NO_PIC = NO;
				GCC_NO_COMMON_BLOCKS = YES;
				GCC_OPTIMIZATION_LEVEL = 0;
				GCC_PREPROCESSOR_DEFINITIONS = (
					"DEBUG=1",
					"$(inherited)",
				);
				GCC_WARN_64_TO_32_BIT_CONVERSION = YES;
				GCC_WARN_ABOUT_RETURN_TYPE = YES_ERROR;
				GCC_WARN_UNDECLARED_SELECTOR = YES;
				GCC_WARN_UNINITIALIZED_AUTOS = YES_AGGRESSIVE;
				GCC_WARN_UNUSED_FUNCTION = YES;
				GCC_WARN_UNUSED_VARIABLE = YES;
				IPHONEOS_DEPLOYMENT_TARGET = 9.3;
				MTL_ENABLE_DEBUG_INFO = YES;
				ONLY_ACTIVE_ARCH = YES;
				SDKROOT = iphoneos;
				SWIFT_OPTIMIZATION_LEVEL = "-Onone";
			};
			name = Debug;
		};
		487A7B1B1D5A8864000FFF63 /* Release */ = {
			isa = XCBuildConfiguration;
			buildSettings = {
				ALWAYS_SEARCH_USER_PATHS = NO;
				CLANG_ANALYZER_NONNULL = YES;
				CLANG_CXX_LANGUAGE_STANDARD = "gnu++0x";
				CLANG_CXX_LIBRARY = "libc++";
				CLANG_ENABLE_MODULES = YES;
				CLANG_ENABLE_OBJC_ARC = YES;
				CLANG_WARN_BOOL_CONVERSION = YES;
				CLANG_WARN_CONSTANT_CONVERSION = YES;
				CLANG_WARN_DIRECT_OBJC_ISA_USAGE = YES_ERROR;
				CLANG_WARN_EMPTY_BODY = YES;
				CLANG_WARN_ENUM_CONVERSION = YES;
				CLANG_WARN_INT_CONVERSION = YES;
				CLANG_WARN_OBJC_ROOT_CLASS = YES_ERROR;
				CLANG_WARN_UNREACHABLE_CODE = YES;
				CLANG_WARN__DUPLICATE_METHOD_MATCH = YES;
				"CODE_SIGN_IDENTITY[sdk=iphoneos*]" = "iPhone Developer";
				COPY_PHASE_STRIP = NO;
				DEBUG_INFORMATION_FORMAT = "dwarf-with-dsym";
				ENABLE_NS_ASSERTIONS = NO;
				ENABLE_STRICT_OBJC_MSGSEND = YES;
				GCC_C_LANGUAGE_STANDARD = gnu99;
				GCC_NO_COMMON_BLOCKS = YES;
				GCC_WARN_64_TO_32_BIT_CONVERSION = YES;
				GCC_WARN_ABOUT_RETURN_TYPE = YES_ERROR;
				GCC_WARN_UNDECLARED_SELECTOR = YES;
				GCC_WARN_UNINITIALIZED_AUTOS = YES_AGGRESSIVE;
				GCC_WARN_UNUSED_FUNCTION = YES;
				GCC_WARN_UNUSED_VARIABLE = YES;
				IPHONEOS_DEPLOYMENT_TARGET = 9.3;
				MTL_ENABLE_DEBUG_INFO = NO;
				SDKROOT = iphoneos;
				VALIDATE_PRODUCT = YES;
			};
			name = Release;
		};
		487A7B1D1D5A8864000FFF63 /* Debug */ = {
			isa = XCBuildConfiguration;
			buildSettings = {
				ASSETCATALOG_COMPILER_APPICON_NAME = AppIcon;
				INFOPLIST_FILE = dollarbillconverter/Info.plist;
				LD_RUNPATH_SEARCH_PATHS = "$(inherited) @executable_path/Frameworks";
				PRODUCT_BUNDLE_IDENTIFIER = huge.dollarbillconverter;
				PRODUCT_NAME = "$(TARGET_NAME)";
			};
			name = Debug;
		};
		487A7B1E1D5A8864000FFF63 /* Release */ = {
			isa = XCBuildConfiguration;
			buildSettings = {
				ASSETCATALOG_COMPILER_APPICON_NAME = AppIcon;
				INFOPLIST_FILE = dollarbillconverter/Info.plist;
				LD_RUNPATH_SEARCH_PATHS = "$(inherited) @executable_path/Frameworks";
				PRODUCT_BUNDLE_IDENTIFIER = huge.dollarbillconverter;
				PRODUCT_NAME = "$(TARGET_NAME)";
			};
			name = Release;
		};
		487A7B201D5A8864000FFF63 /* Debug */ = {
			isa = XCBuildConfiguration;
			buildSettings = {
				BUNDLE_LOADER = "$(TEST_HOST)";
				INFOPLIST_FILE = dollarbillconverterTests/Info.plist;
				LD_RUNPATH_SEARCH_PATHS = "$(inherited) @executable_path/Frameworks @loader_path/Frameworks";
				PRODUCT_BUNDLE_IDENTIFIER = huge.dollarbillconverterTests;
				PRODUCT_NAME = "$(TARGET_NAME)";
				TEST_HOST = "$(BUILT_PRODUCTS_DIR)/dollarbillconverter.app/dollarbillconverter";
			};
			name = Debug;
		};
		487A7B211D5A8864000FFF63 /* Release */ = {
			isa = XCBuildConfiguration;
			buildSettings = {
				BUNDLE_LOADER = "$(TEST_HOST)";
				INFOPLIST_FILE = dollarbillconverterTests/Info.plist;
				LD_RUNPATH_SEARCH_PATHS = "$(inherited) @executable_path/Frameworks @loader_path/Frameworks";
				PRODUCT_BUNDLE_IDENTIFIER = huge.dollarbillconverterTests;
				PRODUCT_NAME = "$(TARGET_NAME)";
				TEST_HOST = "$(BUILT_PRODUCTS_DIR)/dollarbillconverter.app/dollarbillconverter";
			};
			name = Release;
		};
/* End XCBuildConfiguration section */

/* Begin XCConfigurationList section */
		487A7AFA1D5A8863000FFF63 /* Build configuration list for PBXProject "dollarbillconverter" */ = {
			isa = XCConfigurationList;
			buildConfigurations = (
				487A7B1A1D5A8864000FFF63 /* Debug */,
				487A7B1B1D5A8864000FFF63 /* Release */,
			);
			defaultConfigurationIsVisible = 0;
			defaultConfigurationName = Release;
		};
		487A7B1C1D5A8864000FFF63 /* Build configuration list for PBXNativeTarget "dollarbillconverter" */ = {
			isa = XCConfigurationList;
			buildConfigurations = (
				487A7B1D1D5A8864000FFF63 /* Debug */,
				487A7B1E1D5A8864000FFF63 /* Release */,
			);
			defaultConfigurationIsVisible = 0;
		};
		487A7B1F1D5A8864000FFF63 /* Build configuration list for PBXNativeTarget "dollarbillconverterTests" */ = {
			isa = XCConfigurationList;
			buildConfigurations = (
				487A7B201D5A8864000FFF63 /* Debug */,
				487A7B211D5A8864000FFF63 /* Release */,
			);
			defaultConfigurationIsVisible = 0;
		};
/* End XCConfigurationList section */
	};
	rootObject = 487A7AF71D5A8863000FFF63 /* Project object */;
}
