// !$*UTF8*$!
{
	archiveVersion = 1;
	classes = {
	};
	objectVersion = 46;
	objects = {

/* Begin PBXBuildFile section */
		1C2F2C181DB599FC00FD1CC2 /* Appearance.swift in Sources */ = {isa = PBXBuildFile; fileRef = 1C2F2C171DB599FC00FD1CC2 /* Appearance.swift */; };
		4802D2561DA5AC25002296A6 /* Aileron-Black.otf in Resources */ = {isa = PBXBuildFile; fileRef = 4802D2521DA5ABF9002296A6 /* Aileron-Black.otf */; };
		4802D2571DA5AC28002296A6 /* Aileron-Bold.otf in Resources */ = {isa = PBXBuildFile; fileRef = 4802D2531DA5ABF9002296A6 /* Aileron-Bold.otf */; };
		4802D2581DA5AC2B002296A6 /* Aileron-Light.otf in Resources */ = {isa = PBXBuildFile; fileRef = 4802D2541DA5ABF9002296A6 /* Aileron-Light.otf */; };
		4802D2591DA5AC2E002296A6 /* Aileron-Regular.otf in Resources */ = {isa = PBXBuildFile; fileRef = 4802D2551DA5ABF9002296A6 /* Aileron-Regular.otf */; };
		485B0EDD1D778ED300A6EE49 /* DollarsConverter.swift in Sources */ = {isa = PBXBuildFile; fileRef = 485B0EDC1D778ED300A6EE49 /* DollarsConverter.swift */; };
		4878C6B41DAB29CB005EC2C9 /* SACountingLabel.swift in Sources */ = {isa = PBXBuildFile; fileRef = 4878C6B31DAB29CB005EC2C9 /* SACountingLabel.swift */; };
		4879EB0A1D762636007DE52C /* ForceGestureRecognizer.swift in Sources */ = {isa = PBXBuildFile; fileRef = 4879EB091D762636007DE52C /* ForceGestureRecognizer.swift */; };
		487A7B031D5A8863000FFF63 /* AppDelegate.swift in Sources */ = {isa = PBXBuildFile; fileRef = 487A7B021D5A8863000FFF63 /* AppDelegate.swift */; };
		487A7B051D5A8863000FFF63 /* ViewController.swift in Sources */ = {isa = PBXBuildFile; fileRef = 487A7B041D5A8863000FFF63 /* ViewController.swift */; };
		487A7B081D5A8864000FFF63 /* Main.storyboard in Resources */ = {isa = PBXBuildFile; fileRef = 487A7B061D5A8864000FFF63 /* Main.storyboard */; };
		487A7B0A1D5A8864000FFF63 /* Assets.xcassets in Resources */ = {isa = PBXBuildFile; fileRef = 487A7B091D5A8864000FFF63 /* Assets.xcassets */; };
		487A7B0D1D5A8864000FFF63 /* LaunchScreen.storyboard in Resources */ = {isa = PBXBuildFile; fileRef = 487A7B0B1D5A8864000FFF63 /* LaunchScreen.storyboard */; };
		487A7B181D5A8864000FFF63 /* dollarbillconverterTests.swift in Sources */ = {isa = PBXBuildFile; fileRef = 487A7B171D5A8864000FFF63 /* dollarbillconverterTests.swift */; };
		487B91371DA2E4ED00C2AB59 /* CurrenciesFilter.swift in Sources */ = {isa = PBXBuildFile; fileRef = 487B91361DA2E4ED00C2AB59 /* CurrenciesFilter.swift */; };
		487B91391DA2E8D900C2AB59 /* CurrencyTableViewCell.swift in Sources */ = {isa = PBXBuildFile; fileRef = 487B91381DA2E8D900C2AB59 /* CurrencyTableViewCell.swift */; };
		48964C501D78C0C8000FDB03 /* HttpReq.swift in Sources */ = {isa = PBXBuildFile; fileRef = 48964C4F1D78C0C8000FDB03 /* HttpReq.swift */; };
		48D90A0F1D6FA5DF0078D313 /* NumberPicker.swift in Sources */ = {isa = PBXBuildFile; fileRef = 48D90A0E1D6FA5DF0078D313 /* NumberPicker.swift */; };
		48D90A111D6FF8C10078D313 /* ForceButton.swift in Sources */ = {isa = PBXBuildFile; fileRef = 48D90A101D6FF8C10078D313 /* ForceButton.swift */; };
		D791DC09BA93DB2A4E1E584F /* Pods_dollarbillconverter.framework in Frameworks */ = {isa = PBXBuildFile; fileRef = 1B26EE0487E2AC172A0F1254 /* Pods_dollarbillconverter.framework */; };
		F46F4B27D0D9503D4EAC3DC5 /* Pods_dollarbillconverterTests.framework in Frameworks */ = {isa = PBXBuildFile; fileRef = CED8025E3EBBF8CA8FFBDDA5 /* Pods_dollarbillconverterTests.framework */; };
/* End PBXBuildFile section */

/* Begin PBXContainerItemProxy section */
		487A7B141D5A8864000FFF63 /* PBXContainerItemProxy */ = {
			isa = PBXContainerItemProxy;
			containerPortal = 487A7AF71D5A8863000FFF63 /* Project object */;
			proxyType = 1;
			remoteGlobalIDString = 487A7AFE1D5A8863000FFF63;
			remoteInfo = dollarbillconverter;
		};
/* End PBXContainerItemProxy section */

/* Begin PBXFileReference section */
		1B26EE0487E2AC172A0F1254 /* Pods_dollarbillconverter.framework */ = {isa = PBXFileReference; explicitFileType = wrapper.framework; includeInIndex = 0; path = Pods_dollarbillconverter.framework; sourceTree = BUILT_PRODUCTS_DIR; };
		1C2F2C171DB599FC00FD1CC2 /* Appearance.swift */ = {isa = PBXFileReference; fileEncoding = 4; lastKnownFileType = sourcecode.swift; name = Appearance.swift; path = views/Appearance.swift; sourceTree = "<group>"; };
		4802D2521DA5ABF9002296A6 /* Aileron-Black.otf */ = {isa = PBXFileReference; lastKnownFileType = file; path = "Aileron-Black.otf"; sourceTree = "<group>"; };
		4802D2531DA5ABF9002296A6 /* Aileron-Bold.otf */ = {isa = PBXFileReference; lastKnownFileType = file; path = "Aileron-Bold.otf"; sourceTree = "<group>"; };
		4802D2541DA5ABF9002296A6 /* Aileron-Light.otf */ = {isa = PBXFileReference; lastKnownFileType = file; path = "Aileron-Light.otf"; sourceTree = "<group>"; };
		4802D2551DA5ABF9002296A6 /* Aileron-Regular.otf */ = {isa = PBXFileReference; lastKnownFileType = file; path = "Aileron-Regular.otf"; sourceTree = "<group>"; };
		485B0EDC1D778ED300A6EE49 /* DollarsConverter.swift */ = {isa = PBXFileReference; fileEncoding = 4; lastKnownFileType = sourcecode.swift; name = DollarsConverter.swift; path = model/DollarsConverter.swift; sourceTree = "<group>"; };
		4878C6B31DAB29CB005EC2C9 /* SACountingLabel.swift */ = {isa = PBXFileReference; fileEncoding = 4; lastKnownFileType = sourcecode.swift; name = SACountingLabel.swift; path = views/SACountingLabel.swift; sourceTree = "<group>"; };
		4879EB091D762636007DE52C /* ForceGestureRecognizer.swift */ = {isa = PBXFileReference; fileEncoding = 4; lastKnownFileType = sourcecode.swift; name = ForceGestureRecognizer.swift; path = gestures/ForceGestureRecognizer.swift; sourceTree = "<group>"; };
		487A7AFF1D5A8863000FFF63 /* dollarbillconverter.app */ = {isa = PBXFileReference; explicitFileType = wrapper.application; includeInIndex = 0; path = dollarbillconverter.app; sourceTree = BUILT_PRODUCTS_DIR; };
		487A7B021D5A8863000FFF63 /* AppDelegate.swift */ = {isa = PBXFileReference; lastKnownFileType = sourcecode.swift; path = AppDelegate.swift; sourceTree = "<group>"; };
		487A7B041D5A8863000FFF63 /* ViewController.swift */ = {isa = PBXFileReference; lastKnownFileType = sourcecode.swift; path = ViewController.swift; sourceTree = "<group>"; };
		487A7B071D5A8864000FFF63 /* Base */ = {isa = PBXFileReference; lastKnownFileType = file.storyboard; name = Base; path = Base.lproj/Main.storyboard; sourceTree = "<group>"; };
		487A7B091D5A8864000FFF63 /* Assets.xcassets */ = {isa = PBXFileReference; lastKnownFileType = folder.assetcatalog; path = Assets.xcassets; sourceTree = "<group>"; };
		487A7B0C1D5A8864000FFF63 /* Base */ = {isa = PBXFileReference; lastKnownFileType = file.storyboard; name = Base; path = Base.lproj/LaunchScreen.storyboard; sourceTree = "<group>"; };
		487A7B0E1D5A8864000FFF63 /* Info.plist */ = {isa = PBXFileReference; lastKnownFileType = text.plist.xml; path = Info.plist; sourceTree = "<group>"; };
		487A7B131D5A8864000FFF63 /* dollarbillconverterTests.xctest */ = {isa = PBXFileReference; explicitFileType = wrapper.cfbundle; includeInIndex = 0; path = dollarbillconverterTests.xctest; sourceTree = BUILT_PRODUCTS_DIR; };
		487A7B171D5A8864000FFF63 /* dollarbillconverterTests.swift */ = {isa = PBXFileReference; lastKnownFileType = sourcecode.swift; path = dollarbillconverterTests.swift; sourceTree = "<group>"; };
		487A7B191D5A8864000FFF63 /* Info.plist */ = {isa = PBXFileReference; lastKnownFileType = text.plist.xml; path = Info.plist; sourceTree = "<group>"; };
		487B91361DA2E4ED00C2AB59 /* CurrenciesFilter.swift */ = {isa = PBXFileReference; fileEncoding = 4; lastKnownFileType = sourcecode.swift; name = CurrenciesFilter.swift; path = model/CurrenciesFilter.swift; sourceTree = "<group>"; };
		487B91381DA2E8D900C2AB59 /* CurrencyTableViewCell.swift */ = {isa = PBXFileReference; fileEncoding = 4; lastKnownFileType = sourcecode.swift; name = CurrencyTableViewCell.swift; path = views/CurrencyTableViewCell.swift; sourceTree = "<group>"; };
		48964C4F1D78C0C8000FDB03 /* HttpReq.swift */ = {isa = PBXFileReference; fileEncoding = 4; lastKnownFileType = sourcecode.swift; name = HttpReq.swift; path = network/HttpReq.swift; sourceTree = "<group>"; };
		48D90A0E1D6FA5DF0078D313 /* NumberPicker.swift */ = {isa = PBXFileReference; fileEncoding = 4; lastKnownFileType = sourcecode.swift; name = NumberPicker.swift; path = views/NumberPicker.swift; sourceTree = "<group>"; };
		48D90A101D6FF8C10078D313 /* ForceButton.swift */ = {isa = PBXFileReference; fileEncoding = 4; lastKnownFileType = sourcecode.swift; name = ForceButton.swift; path = views/ForceButton.swift; sourceTree = "<group>"; };
		56737805C739D9821A0D1D3D /* Pods-dollarbillconverter.release.xcconfig */ = {isa = PBXFileReference; includeInIndex = 1; lastKnownFileType = text.xcconfig; name = "Pods-dollarbillconverter.release.xcconfig"; path = "Pods/Target Support Files/Pods-dollarbillconverter/Pods-dollarbillconverter.release.xcconfig"; sourceTree = "<group>"; };
		B0774599DA6F57EE2E10A319 /* Pods-dollarbillconverter.debug.xcconfig */ = {isa = PBXFileReference; includeInIndex = 1; lastKnownFileType = text.xcconfig; name = "Pods-dollarbillconverter.debug.xcconfig"; path = "Pods/Target Support Files/Pods-dollarbillconverter/Pods-dollarbillconverter.debug.xcconfig"; sourceTree = "<group>"; };
		CED8025E3EBBF8CA8FFBDDA5 /* Pods_dollarbillconverterTests.framework */ = {isa = PBXFileReference; explicitFileType = wrapper.framework; includeInIndex = 0; path = Pods_dollarbillconverterTests.framework; sourceTree = BUILT_PRODUCTS_DIR; };
		CF2C1A283B2FD3983201B542 /* Pods-dollarbillconverterTests.debug.xcconfig */ = {isa = PBXFileReference; includeInIndex = 1; lastKnownFileType = text.xcconfig; name = "Pods-dollarbillconverterTests.debug.xcconfig"; path = "Pods/Target Support Files/Pods-dollarbillconverterTests/Pods-dollarbillconverterTests.debug.xcconfig"; sourceTree = "<group>"; };
		D670F7F58720E84D7AD7B41C /* Pods-dollarbillconverterTests.release.xcconfig */ = {isa = PBXFileReference; includeInIndex = 1; lastKnownFileType = text.xcconfig; name = "Pods-dollarbillconverterTests.release.xcconfig"; path = "Pods/Target Support Files/Pods-dollarbillconverterTests/Pods-dollarbillconverterTests.release.xcconfig"; sourceTree = "<group>"; };
/* End PBXFileReference section */

/* Begin PBXFrameworksBuildPhase section */
		487A7AFC1D5A8863000FFF63 /* Frameworks */ = {
			isa = PBXFrameworksBuildPhase;
			buildActionMask = 2147483647;
			files = (
				D791DC09BA93DB2A4E1E584F /* Pods_dollarbillconverter.framework in Frameworks */,
			);
			runOnlyForDeploymentPostprocessing = 0;
		};
		487A7B101D5A8864000FFF63 /* Frameworks */ = {
			isa = PBXFrameworksBuildPhase;
			buildActionMask = 2147483647;
			files = (
				F46F4B27D0D9503D4EAC3DC5 /* Pods_dollarbillconverterTests.framework in Frameworks */,
			);
			runOnlyForDeploymentPostprocessing = 0;
		};
/* End PBXFrameworksBuildPhase section */

/* Begin PBXGroup section */
		26100C9D2460EF9D59B73717 /* Pods */ = {
			isa = PBXGroup;
			children = (
				B0774599DA6F57EE2E10A319 /* Pods-dollarbillconverter.debug.xcconfig */,
				56737805C739D9821A0D1D3D /* Pods-dollarbillconverter.release.xcconfig */,
				CF2C1A283B2FD3983201B542 /* Pods-dollarbillconverterTests.debug.xcconfig */,
				D670F7F58720E84D7AD7B41C /* Pods-dollarbillconverterTests.release.xcconfig */,
			);
			name = Pods;
			sourceTree = "<group>";
		};
		4802D2511DA5ABA0002296A6 /* Resources */ = {
			isa = PBXGroup;
			children = (
				4802D2521DA5ABF9002296A6 /* Aileron-Black.otf */,
				4802D2531DA5ABF9002296A6 /* Aileron-Bold.otf */,
				4802D2541DA5ABF9002296A6 /* Aileron-Light.otf */,
				4802D2551DA5ABF9002296A6 /* Aileron-Regular.otf */,
			);
			name = Resources;
			sourceTree = "<group>";
		};
		485B0EDA1D778EA600A6EE49 /* network */ = {
			isa = PBXGroup;
			children = (
				48964C4F1D78C0C8000FDB03 /* HttpReq.swift */,
			);
			name = network;
			sourceTree = "<group>";
		};
		485B0EDB1D778EAF00A6EE49 /* model */ = {
			isa = PBXGroup;
			children = (
				485B0EDC1D778ED300A6EE49 /* DollarsConverter.swift */,
				487B91361DA2E4ED00C2AB59 /* CurrenciesFilter.swift */,
			);
			name = model;
			sourceTree = "<group>";
		};
		4879EB061D762586007DE52C /* gestures */ = {
			isa = PBXGroup;
			children = (
				4879EB091D762636007DE52C /* ForceGestureRecognizer.swift */,
			);
			name = gestures;
			sourceTree = "<group>";
		};
		487A7AF61D5A8863000FFF63 = {
			isa = PBXGroup;
			children = (
				4802D2511DA5ABA0002296A6 /* Resources */,
				487A7B011D5A8863000FFF63 /* dollarbillconverter */,
				487A7B161D5A8864000FFF63 /* dollarbillconverterTests */,
				487A7B001D5A8863000FFF63 /* Products */,
				26100C9D2460EF9D59B73717 /* Pods */,
				BAF9829551ACFAE66D8C18E7 /* Frameworks */,
			);
			sourceTree = "<group>";
		};
		487A7B001D5A8863000FFF63 /* Products */ = {
			isa = PBXGroup;
			children = (
				487A7AFF1D5A8863000FFF63 /* dollarbillconverter.app */,
				487A7B131D5A8864000FFF63 /* dollarbillconverterTests.xctest */,
			);
			name = Products;
			sourceTree = "<group>";
		};
		487A7B011D5A8863000FFF63 /* dollarbillconverter */ = {
			isa = PBXGroup;
			children = (
				485B0EDB1D778EAF00A6EE49 /* model */,
				485B0EDA1D778EA600A6EE49 /* network */,
				4879EB061D762586007DE52C /* gestures */,
				48D90A0D1D6FA5A50078D313 /* views */,
				487A7B021D5A8863000FFF63 /* AppDelegate.swift */,
				487A7B041D5A8863000FFF63 /* ViewController.swift */,
				487A7B061D5A8864000FFF63 /* Main.storyboard */,
				487A7B091D5A8864000FFF63 /* Assets.xcassets */,
				487A7B0B1D5A8864000FFF63 /* LaunchScreen.storyboard */,
				487A7B0E1D5A8864000FFF63 /* Info.plist */,
			);
			path = dollarbillconverter;
			sourceTree = "<group>";
		};
		487A7B161D5A8864000FFF63 /* dollarbillconverterTests */ = {
			isa = PBXGroup;
			children = (
				487A7B171D5A8864000FFF63 /* dollarbillconverterTests.swift */,
				487A7B191D5A8864000FFF63 /* Info.plist */,
			);
			path = dollarbillconverterTests;
			sourceTree = "<group>";
		};
		48D90A0D1D6FA5A50078D313 /* views */ = {
			isa = PBXGroup;
			children = (
				48D90A0E1D6FA5DF0078D313 /* NumberPicker.swift */,
				48D90A101D6FF8C10078D313 /* ForceButton.swift */,
				487B91381DA2E8D900C2AB59 /* CurrencyTableViewCell.swift */,
				4878C6B31DAB29CB005EC2C9 /* SACountingLabel.swift */,
				1C2F2C171DB599FC00FD1CC2 /* Appearance.swift */,
			);
			name = views;
			sourceTree = "<group>";
		};
		BAF9829551ACFAE66D8C18E7 /* Frameworks */ = {
			isa = PBXGroup;
			children = (
				1B26EE0487E2AC172A0F1254 /* Pods_dollarbillconverter.framework */,
				CED8025E3EBBF8CA8FFBDDA5 /* Pods_dollarbillconverterTests.framework */,
			);
			name = Frameworks;
			sourceTree = "<group>";
		};
/* End PBXGroup section */

/* Begin PBXNativeTarget section */
		487A7AFE1D5A8863000FFF63 /* dollarbillconverter */ = {
			isa = PBXNativeTarget;
			buildConfigurationList = 487A7B1C1D5A8864000FFF63 /* Build configuration list for PBXNativeTarget "dollarbillconverter" */;
			buildPhases = (
				D82EFAFDB59F414B4A1BA0A7 /* [CP] Check Pods Manifest.lock */,
				487A7AFB1D5A8863000FFF63 /* Sources */,
				487A7AFC1D5A8863000FFF63 /* Frameworks */,
				487A7AFD1D5A8863000FFF63 /* Resources */,
				8ACB83049D726780B78F775C /* [CP] Embed Pods Frameworks */,
				391B162781B05DC468D222DB /* [CP] Copy Pods Resources */,
			);
			buildRules = (
			);
			dependencies = (
			);
			name = dollarbillconverter;
			productName = dollarbillconverter;
			productReference = 487A7AFF1D5A8863000FFF63 /* dollarbillconverter.app */;
			productType = "com.apple.product-type.application";
		};
		487A7B121D5A8864000FFF63 /* dollarbillconverterTests */ = {
			isa = PBXNativeTarget;
			buildConfigurationList = 487A7B1F1D5A8864000FFF63 /* Build configuration list for PBXNativeTarget "dollarbillconverterTests" */;
			buildPhases = (
				8AC53075FA9076CCBFECA78C /* [CP] Check Pods Manifest.lock */,
				487A7B0F1D5A8864000FFF63 /* Sources */,
				487A7B101D5A8864000FFF63 /* Frameworks */,
				487A7B111D5A8864000FFF63 /* Resources */,
				D73B1540E509C50658509CEA /* [CP] Embed Pods Frameworks */,
				5C2726EC9B6BB2B204235C78 /* [CP] Copy Pods Resources */,
			);
			buildRules = (
			);
			dependencies = (
				487A7B151D5A8864000FFF63 /* PBXTargetDependency */,
			);
			name = dollarbillconverterTests;
			productName = dollarbillconverterTests;
			productReference = 487A7B131D5A8864000FFF63 /* dollarbillconverterTests.xctest */;
			productType = "com.apple.product-type.bundle.unit-test";
		};
/* End PBXNativeTarget section */

/* Begin PBXProject section */
		487A7AF71D5A8863000FFF63 /* Project object */ = {
			isa = PBXProject;
			attributes = {
				LastSwiftUpdateCheck = 0730;
				LastUpgradeCheck = 0730;
				ORGANIZATIONNAME = "Diego Castaño";
				TargetAttributes = {
					487A7AFE1D5A8863000FFF63 = {
						CreatedOnToolsVersion = 7.3.1;
						DevelopmentTeam = 4E2Y72ZYRE;
						LastSwiftMigration = 0800;
					};
					487A7B121D5A8864000FFF63 = {
						CreatedOnToolsVersion = 7.3.1;
						LastSwiftMigration = 0800;
						TestTargetID = 487A7AFE1D5A8863000FFF63;
					};
				};
			};
			buildConfigurationList = 487A7AFA1D5A8863000FFF63 /* Build configuration list for PBXProject "dollarbillconverter" */;
			compatibilityVersion = "Xcode 3.2";
			developmentRegion = English;
			hasScannedForEncodings = 0;
			knownRegions = (
				en,
				Base,
			);
			mainGroup = 487A7AF61D5A8863000FFF63;
			productRefGroup = 487A7B001D5A8863000FFF63 /* Products */;
			projectDirPath = "";
			projectRoot = "";
			targets = (
				487A7AFE1D5A8863000FFF63 /* dollarbillconverter */,
				487A7B121D5A8864000FFF63 /* dollarbillconverterTests */,
			);
		};
/* End PBXProject section */

/* Begin PBXResourcesBuildPhase section */
		487A7AFD1D5A8863000FFF63 /* Resources */ = {
			isa = PBXResourcesBuildPhase;
			buildActionMask = 2147483647;
			files = (
				4802D2571DA5AC28002296A6 /* Aileron-Bold.otf in Resources */,
				4802D2591DA5AC2E002296A6 /* Aileron-Regular.otf in Resources */,
				4802D2561DA5AC25002296A6 /* Aileron-Black.otf in Resources */,
				487A7B0D1D5A8864000FFF63 /* LaunchScreen.storyboard in Resources */,
				4802D2581DA5AC2B002296A6 /* Aileron-Light.otf in Resources */,
				487A7B0A1D5A8864000FFF63 /* Assets.xcassets in Resources */,
				487A7B081D5A8864000FFF63 /* Main.storyboard in Resources */,
			);
			runOnlyForDeploymentPostprocessing = 0;
		};
		487A7B111D5A8864000FFF63 /* Resources */ = {
			isa = PBXResourcesBuildPhase;
			buildActionMask = 2147483647;
			files = (
			);
			runOnlyForDeploymentPostprocessing = 0;
		};
/* End PBXResourcesBuildPhase section */

/* Begin PBXShellScriptBuildPhase section */
		391B162781B05DC468D222DB /* [CP] Copy Pods Resources */ = {
			isa = PBXShellScriptBuildPhase;
			buildActionMask = 2147483647;
			files = (
			);
			inputPaths = (
			);
			name = "[CP] Copy Pods Resources";
			outputPaths = (
			);
			runOnlyForDeploymentPostprocessing = 0;
			shellPath = /bin/sh;
			shellScript = "\"${SRCROOT}/Pods/Target Support Files/Pods-dollarbillconverter/Pods-dollarbillconverter-resources.sh\"\n";
			showEnvVarsInLog = 0;
		};
		5C2726EC9B6BB2B204235C78 /* [CP] Copy Pods Resources */ = {
			isa = PBXShellScriptBuildPhase;
			buildActionMask = 2147483647;
			files = (
			);
			inputPaths = (
			);
			name = "[CP] Copy Pods Resources";
			outputPaths = (
			);
			runOnlyForDeploymentPostprocessing = 0;
			shellPath = /bin/sh;
			shellScript = "\"${SRCROOT}/Pods/Target Support Files/Pods-dollarbillconverterTests/Pods-dollarbillconverterTests-resources.sh\"\n";
			showEnvVarsInLog = 0;
		};
		8AC53075FA9076CCBFECA78C /* [CP] Check Pods Manifest.lock */ = {
			isa = PBXShellScriptBuildPhase;
			buildActionMask = 2147483647;
			files = (
			);
			inputPaths = (
			);
			name = "[CP] Check Pods Manifest.lock";
			outputPaths = (
			);
			runOnlyForDeploymentPostprocessing = 0;
			shellPath = /bin/sh;
			shellScript = "diff \"${PODS_ROOT}/../Podfile.lock\" \"${PODS_ROOT}/Manifest.lock\" > /dev/null\nif [[ $? != 0 ]] ; then\n    cat << EOM\nerror: The sandbox is not in sync with the Podfile.lock. Run 'pod install' or update your CocoaPods installation.\nEOM\n    exit 1\nfi\n";
			showEnvVarsInLog = 0;
		};
		8ACB83049D726780B78F775C /* [CP] Embed Pods Frameworks */ = {
			isa = PBXShellScriptBuildPhase;
			buildActionMask = 2147483647;
			files = (
			);
			inputPaths = (
			);
			name = "[CP] Embed Pods Frameworks";
			outputPaths = (
			);
			runOnlyForDeploymentPostprocessing = 0;
			shellPath = /bin/sh;
			shellScript = "\"${SRCROOT}/Pods/Target Support Files/Pods-dollarbillconverter/Pods-dollarbillconverter-frameworks.sh\"\n";
			showEnvVarsInLog = 0;
		};
		D73B1540E509C50658509CEA /* [CP] Embed Pods Frameworks */ = {
			isa = PBXShellScriptBuildPhase;
			buildActionMask = 2147483647;
			files = (
			);
			inputPaths = (
			);
			name = "[CP] Embed Pods Frameworks";
			outputPaths = (
			);
			runOnlyForDeploymentPostprocessing = 0;
			shellPath = /bin/sh;
			shellScript = "\"${SRCROOT}/Pods/Target Support Files/Pods-dollarbillconverterTests/Pods-dollarbillconverterTests-frameworks.sh\"\n";
			showEnvVarsInLog = 0;
		};
		D82EFAFDB59F414B4A1BA0A7 /* [CP] Check Pods Manifest.lock */ = {
			isa = PBXShellScriptBuildPhase;
			buildActionMask = 2147483647;
			files = (
			);
			inputPaths = (
			);
			name = "[CP] Check Pods Manifest.lock";
			outputPaths = (
			);
			runOnlyForDeploymentPostprocessing = 0;
			shellPath = /bin/sh;
			shellScript = "diff \"${PODS_ROOT}/../Podfile.lock\" \"${PODS_ROOT}/Manifest.lock\" > /dev/null\nif [[ $? != 0 ]] ; then\n    cat << EOM\nerror: The sandbox is not in sync with the Podfile.lock. Run 'pod install' or update your CocoaPods installation.\nEOM\n    exit 1\nfi\n";
			showEnvVarsInLog = 0;
		};
/* End PBXShellScriptBuildPhase section */

/* Begin PBXSourcesBuildPhase section */
		487A7AFB1D5A8863000FFF63 /* Sources */ = {
			isa = PBXSourcesBuildPhase;
			buildActionMask = 2147483647;
			files = (
				485B0EDD1D778ED300A6EE49 /* DollarsConverter.swift in Sources */,
				4878C6B41DAB29CB005EC2C9 /* SACountingLabel.swift in Sources */,
				487A7B051D5A8863000FFF63 /* ViewController.swift in Sources */,
				487B91371DA2E4ED00C2AB59 /* CurrenciesFilter.swift in Sources */,
				48964C501D78C0C8000FDB03 /* HttpReq.swift in Sources */,
				48D90A0F1D6FA5DF0078D313 /* NumberPicker.swift in Sources */,
				4879EB0A1D762636007DE52C /* ForceGestureRecognizer.swift in Sources */,
				1C2F2C181DB599FC00FD1CC2 /* Appearance.swift in Sources */,
				487A7B031D5A8863000FFF63 /* AppDelegate.swift in Sources */,
				487B91391DA2E8D900C2AB59 /* CurrencyTableViewCell.swift in Sources */,
				48D90A111D6FF8C10078D313 /* ForceButton.swift in Sources */,
			);
			runOnlyForDeploymentPostprocessing = 0;
		};
		487A7B0F1D5A8864000FFF63 /* Sources */ = {
			isa = PBXSourcesBuildPhase;
			buildActionMask = 2147483647;
			files = (
				487A7B181D5A8864000FFF63 /* dollarbillconverterTests.swift in Sources */,
			);
			runOnlyForDeploymentPostprocessing = 0;
		};
/* End PBXSourcesBuildPhase section */

/* Begin PBXTargetDependency section */
		487A7B151D5A8864000FFF63 /* PBXTargetDependency */ = {
			isa = PBXTargetDependency;
			target = 487A7AFE1D5A8863000FFF63 /* dollarbillconverter */;
			targetProxy = 487A7B141D5A8864000FFF63 /* PBXContainerItemProxy */;
		};
/* End PBXTargetDependency section */

/* Begin PBXVariantGroup section */
		487A7B061D5A8864000FFF63 /* Main.storyboard */ = {
			isa = PBXVariantGroup;
			children = (
				487A7B071D5A8864000FFF63 /* Base */,
			);
			name = Main.storyboard;
			sourceTree = "<group>";
		};
		487A7B0B1D5A8864000FFF63 /* LaunchScreen.storyboard */ = {
			isa = PBXVariantGroup;
			children = (
				487A7B0C1D5A8864000FFF63 /* Base */,
			);
			name = LaunchScreen.storyboard;
			sourceTree = "<group>";
		};
/* End PBXVariantGroup section */

/* Begin XCBuildConfiguration section */
		487A7B1A1D5A8864000FFF63 /* Debug */ = {
			isa = XCBuildConfiguration;
			buildSettings = {
				ALWAYS_SEARCH_USER_PATHS = NO;
				CLANG_ANALYZER_NONNULL = YES;
				CLANG_CXX_LANGUAGE_STANDARD = "gnu++0x";
				CLANG_CXX_LIBRARY = "libc++";
				CLANG_ENABLE_MODULES = YES;
				CLANG_ENABLE_OBJC_ARC = YES;
				CLANG_WARN_BOOL_CONVERSION = YES;
				CLANG_WARN_CONSTANT_CONVERSION = YES;
				CLANG_WARN_DIRECT_OBJC_ISA_USAGE = YES_ERROR;
				CLANG_WARN_EMPTY_BODY = YES;
				CLANG_WARN_ENUM_CONVERSION = YES;
				CLANG_WARN_INT_CONVERSION = YES;
				CLANG_WARN_OBJC_ROOT_CLASS = YES_ERROR;
				CLANG_WARN_UNREACHABLE_CODE = YES;
				CLANG_WARN__DUPLICATE_METHOD_MATCH = YES;
				"CODE_SIGN_IDENTITY[sdk=iphoneos*]" = "iPhone Developer";
				COPY_PHASE_STRIP = NO;
				DEBUG_INFORMATION_FORMAT = dwarf;
				ENABLE_STRICT_OBJC_MSGSEND = YES;
				ENABLE_TESTABILITY = YES;
				GCC_C_LANGUAGE_STANDARD = gnu99;
				GCC_DYNAMIC_NO_PIC = NO;
				GCC_NO_COMMON_BLOCKS = YES;
				GCC_OPTIMIZATION_LEVEL = 0;
				GCC_PREPROCESSOR_DEFINITIONS = (
					"DEBUG=1",
					"$(inherited)",
				);
				GCC_WARN_64_TO_32_BIT_CONVERSION = YES;
				GCC_WARN_ABOUT_RETURN_TYPE = YES_ERROR;
				GCC_WARN_UNDECLARED_SELECTOR = YES;
				GCC_WARN_UNINITIALIZED_AUTOS = YES_AGGRESSIVE;
				GCC_WARN_UNUSED_FUNCTION = YES;
				GCC_WARN_UNUSED_VARIABLE = YES;
				IPHONEOS_DEPLOYMENT_TARGET = 9.3;
				MTL_ENABLE_DEBUG_INFO = YES;
				ONLY_ACTIVE_ARCH = YES;
				SDKROOT = iphoneos;
				SWIFT_OPTIMIZATION_LEVEL = "-Onone";
			};
			name = Debug;
		};
		487A7B1B1D5A8864000FFF63 /* Release */ = {
			isa = XCBuildConfiguration;
			buildSettings = {
				ALWAYS_SEARCH_USER_PATHS = NO;
				CLANG_ANALYZER_NONNULL = YES;
				CLANG_CXX_LANGUAGE_STANDARD = "gnu++0x";
				CLANG_CXX_LIBRARY = "libc++";
				CLANG_ENABLE_MODULES = YES;
				CLANG_ENABLE_OBJC_ARC = YES;
				CLANG_WARN_BOOL_CONVERSION = YES;
				CLANG_WARN_CONSTANT_CONVERSION = YES;
				CLANG_WARN_DIRECT_OBJC_ISA_USAGE = YES_ERROR;
				CLANG_WARN_EMPTY_BODY = YES;
				CLANG_WARN_ENUM_CONVERSION = YES;
				CLANG_WARN_INT_CONVERSION = YES;
				CLANG_WARN_OBJC_ROOT_CLASS = YES_ERROR;
				CLANG_WARN_UNREACHABLE_CODE = YES;
				CLANG_WARN__DUPLICATE_METHOD_MATCH = YES;
				"CODE_SIGN_IDENTITY[sdk=iphoneos*]" = "iPhone Developer";
				COPY_PHASE_STRIP = NO;
				DEBUG_INFORMATION_FORMAT = "dwarf-with-dsym";
				ENABLE_NS_ASSERTIONS = NO;
				ENABLE_STRICT_OBJC_MSGSEND = YES;
				GCC_C_LANGUAGE_STANDARD = gnu99;
				GCC_NO_COMMON_BLOCKS = YES;
				GCC_WARN_64_TO_32_BIT_CONVERSION = YES;
				GCC_WARN_ABOUT_RETURN_TYPE = YES_ERROR;
				GCC_WARN_UNDECLARED_SELECTOR = YES;
				GCC_WARN_UNINITIALIZED_AUTOS = YES_AGGRESSIVE;
				GCC_WARN_UNUSED_FUNCTION = YES;
				GCC_WARN_UNUSED_VARIABLE = YES;
				IPHONEOS_DEPLOYMENT_TARGET = 9.3;
				MTL_ENABLE_DEBUG_INFO = NO;
				SDKROOT = iphoneos;
				VALIDATE_PRODUCT = YES;
			};
			name = Release;
		};
		487A7B1D1D5A8864000FFF63 /* Debug */ = {
			isa = XCBuildConfiguration;
			baseConfigurationReference = B0774599DA6F57EE2E10A319 /* Pods-dollarbillconverter.debug.xcconfig */;
			buildSettings = {
				ASSETCATALOG_COMPILER_APPICON_NAME = AppIcon;
				CODE_SIGN_IDENTITY = "iPhone Developer";
				"CODE_SIGN_IDENTITY[sdk=iphoneos*]" = "iPhone Developer";
				INFOPLIST_FILE = dollarbillconverter/Info.plist;
				LD_RUNPATH_SEARCH_PATHS = "$(inherited) @executable_path/Frameworks";
				PRODUCT_BUNDLE_IDENTIFIER = huge.dollarbillconverter;
				PRODUCT_NAME = "$(TARGET_NAME)";
				PROVISIONING_PROFILE = "";
				SWIFT_VERSION = 2.3;
			};
			name = Debug;
		};
		487A7B1E1D5A8864000FFF63 /* Release */ = {
			isa = XCBuildConfiguration;
			baseConfigurationReference = 56737805C739D9821A0D1D3D /* Pods-dollarbillconverter.release.xcconfig */;
			buildSettings = {
				ASSETCATALOG_COMPILER_APPICON_NAME = AppIcon;
				CODE_SIGN_IDENTITY = "iPhone Developer";
				"CODE_SIGN_IDENTITY[sdk=iphoneos*]" = "iPhone Developer";
				INFOPLIST_FILE = dollarbillconverter/Info.plist;
				LD_RUNPATH_SEARCH_PATHS = "$(inherited) @executable_path/Frameworks";
				PRODUCT_BUNDLE_IDENTIFIER = huge.dollarbillconverter;
				PRODUCT_NAME = "$(TARGET_NAME)";
				PROVISIONING_PROFILE = "";
				SWIFT_VERSION = 2.3;
			};
			name = Release;
		};
		487A7B201D5A8864000FFF63 /* Debug */ = {
			isa = XCBuildConfiguration;
			baseConfigurationReference = CF2C1A283B2FD3983201B542 /* Pods-dollarbillconverterTests.debug.xcconfig */;
			buildSettings = {
				BUNDLE_LOADER = "$(TEST_HOST)";
				INFOPLIST_FILE = dollarbillconverterTests/Info.plist;
				LD_RUNPATH_SEARCH_PATHS = "$(inherited) @executable_path/Frameworks @loader_path/Frameworks";
				PRODUCT_BUNDLE_IDENTIFIER = huge.dollarbillconverterTests;
				PRODUCT_NAME = "$(TARGET_NAME)";
				SWIFT_VERSION = 2.3;
				TEST_HOST = "$(BUILT_PRODUCTS_DIR)/dollarbillconverter.app/dollarbillconverter";
			};
			name = Debug;
		};
		487A7B211D5A8864000FFF63 /* Release */ = {
			isa = XCBuildConfiguration;
			baseConfigurationReference = D670F7F58720E84D7AD7B41C /* Pods-dollarbillconverterTests.release.xcconfig */;
			buildSettings = {
				BUNDLE_LOADER = "$(TEST_HOST)";
				INFOPLIST_FILE = dollarbillconverterTests/Info.plist;
				LD_RUNPATH_SEARCH_PATHS = "$(inherited) @executable_path/Frameworks @loader_path/Frameworks";
				PRODUCT_BUNDLE_IDENTIFIER = huge.dollarbillconverterTests;
				PRODUCT_NAME = "$(TARGET_NAME)";
				SWIFT_VERSION = 2.3;
				TEST_HOST = "$(BUILT_PRODUCTS_DIR)/dollarbillconverter.app/dollarbillconverter";
			};
			name = Release;
		};
/* End XCBuildConfiguration section */

/* Begin XCConfigurationList section */
		487A7AFA1D5A8863000FFF63 /* Build configuration list for PBXProject "dollarbillconverter" */ = {
			isa = XCConfigurationList;
			buildConfigurations = (
				487A7B1A1D5A8864000FFF63 /* Debug */,
				487A7B1B1D5A8864000FFF63 /* Release */,
			);
			defaultConfigurationIsVisible = 0;
			defaultConfigurationName = Release;
		};
		487A7B1C1D5A8864000FFF63 /* Build configuration list for PBXNativeTarget "dollarbillconverter" */ = {
			isa = XCConfigurationList;
			buildConfigurations = (
				487A7B1D1D5A8864000FFF63 /* Debug */,
				487A7B1E1D5A8864000FFF63 /* Release */,
			);
			defaultConfigurationIsVisible = 0;
			defaultConfigurationName = Release;
		};
		487A7B1F1D5A8864000FFF63 /* Build configuration list for PBXNativeTarget "dollarbillconverterTests" */ = {
			isa = XCConfigurationList;
			buildConfigurations = (
				487A7B201D5A8864000FFF63 /* Debug */,
				487A7B211D5A8864000FFF63 /* Release */,
			);
			defaultConfigurationIsVisible = 0;
			defaultConfigurationName = Release;
		};
/* End XCConfigurationList section */
	};
	rootObject = 487A7AF71D5A8863000FFF63 /* Project object */;
}
